
Microsoft Visual Studio Solution File, Format Version 12.00
# Visual Studio for Mac
Project("{FAE04EC0-301F-11D3-BF4B-00C04F79EFBC}") = "Assembly-CSharp", "Assembly-CSharp.csproj", "{B420E554-FB07-2020-D4A8-D124AA7918D4}"
EndProject
Project("{FAE04EC0-301F-11D3-BF4B-00C04F79EFBC}") = "Oculus.VR", "Oculus.VR.csproj", "{8BA59CDE-FF04-92FB-87A0-B3E96E14FCD9}"
EndProject
Project("{FAE04EC0-301F-11D3-BF4B-00C04F79EFBC}") = "Assembly-CSharp-firstpass", "Assembly-CSharp-firstpass.csproj", "{4D34629B-521D-E2AD-F12A-4BD252897274}"
EndProject
Project("{FAE04EC0-301F-11D3-BF4B-00C04F79EFBC}") = "Assembly-CSharp-Editor-firstpass", "Assembly-CSharp-Editor-firstpass.csproj", "{87FEB0BF-BB57-1FFA-C626-C9E7089BC871}"
EndProject
Project("{FAE04EC0-301F-11D3-BF4B-00C04F79EFBC}") = "Assembly-CSharp-Editor", "Assembly-CSharp-Editor.csproj", "{712C704D-39D8-E8F7-207E-79DF69EA8BFD}"
EndProject
Project("{FAE04EC0-301F-11D3-BF4B-00C04F79EFBC}") = "Oculus.VR.Scripts.Editor", "Oculus.VR.Scripts.Editor.csproj", "{C7861389-551C-92E5-106A-A4F31C829BF8}"
EndProject
Project("{FAE04EC0-301F-11D3-BF4B-00C04F79EFBC}") = "Oculus.VR.Editor", "Oculus.VR.Editor.csproj", "{0156F18F-49BC-59F5-A9B2-461D0799804B}"
EndProject
Global
	GlobalSection(SolutionConfigurationPlatforms) = preSolution
		Debug|Any CPU = Debug|Any CPU
		Release|Any CPU = Release|Any CPU
	EndGlobalSection
	GlobalSection(ProjectConfigurationPlatforms) = postSolution
		{B420E554-FB07-2020-D4A8-D124AA7918D4}.Debug|Any CPU.ActiveCfg = Debug|Any CPU
		{B420E554-FB07-2020-D4A8-D124AA7918D4}.Debug|Any CPU.Build.0 = Debug|Any CPU
		{B420E554-FB07-2020-D4A8-D124AA7918D4}.Release|Any CPU.ActiveCfg = Release|Any CPU
		{B420E554-FB07-2020-D4A8-D124AA7918D4}.Release|Any CPU.Build.0 = Release|Any CPU
		{8BA59CDE-FF04-92FB-87A0-B3E96E14FCD9}.Debug|Any CPU.ActiveCfg = Debug|Any CPU
		{8BA59CDE-FF04-92FB-87A0-B3E96E14FCD9}.Debug|Any CPU.Build.0 = Debug|Any CPU
		{8BA59CDE-FF04-92FB-87A0-B3E96E14FCD9}.Release|Any CPU.ActiveCfg = Release|Any CPU
		{8BA59CDE-FF04-92FB-87A0-B3E96E14FCD9}.Release|Any CPU.Build.0 = Release|Any CPU
		{4D34629B-521D-E2AD-F12A-4BD252897274}.Debug|Any CPU.ActiveCfg = Debug|Any CPU
		{4D34629B-521D-E2AD-F12A-4BD252897274}.Debug|Any CPU.Build.0 = Debug|Any CPU
		{4D34629B-521D-E2AD-F12A-4BD252897274}.Release|Any CPU.ActiveCfg = Release|Any CPU
		{4D34629B-521D-E2AD-F12A-4BD252897274}.Release|Any CPU.Build.0 = Release|Any CPU
		{87FEB0BF-BB57-1FFA-C626-C9E7089BC871}.Debug|Any CPU.ActiveCfg = Debug|Any CPU
		{87FEB0BF-BB57-1FFA-C626-C9E7089BC871}.Debug|Any CPU.Build.0 = Debug|Any CPU
		{87FEB0BF-BB57-1FFA-C626-C9E7089BC871}.Release|Any CPU.ActiveCfg = Release|Any CPU
		{87FEB0BF-BB57-1FFA-C626-C9E7089BC871}.Release|Any CPU.Build.0 = Release|Any CPU
		{712C704D-39D8-E8F7-207E-79DF69EA8BFD}.Debug|Any CPU.ActiveCfg = Debug|Any CPU
		{712C704D-39D8-E8F7-207E-79DF69EA8BFD}.Debug|Any CPU.Build.0 = Debug|Any CPU
		{712C704D-39D8-E8F7-207E-79DF69EA8BFD}.Release|Any CPU.ActiveCfg = Release|Any CPU
		{712C704D-39D8-E8F7-207E-79DF69EA8BFD}.Release|Any CPU.Build.0 = Release|Any CPU
		{C7861389-551C-92E5-106A-A4F31C829BF8}.Debug|Any CPU.ActiveCfg = Debug|Any CPU
		{C7861389-551C-92E5-106A-A4F31C829BF8}.Debug|Any CPU.Build.0 = Debug|Any CPU
		{C7861389-551C-92E5-106A-A4F31C829BF8}.Release|Any CPU.ActiveCfg = Release|Any CPU
		{C7861389-551C-92E5-106A-A4F31C829BF8}.Release|Any CPU.Build.0 = Release|Any CPU
		{0156F18F-49BC-59F5-A9B2-461D0799804B}.Debug|Any CPU.ActiveCfg = Debug|Any CPU
		{0156F18F-49BC-59F5-A9B2-461D0799804B}.Debug|Any CPU.Build.0 = Debug|Any CPU
		{0156F18F-49BC-59F5-A9B2-461D0799804B}.Release|Any CPU.ActiveCfg = Release|Any CPU
		{0156F18F-49BC-59F5-A9B2-461D0799804B}.Release|Any CPU.Build.0 = Release|Any CPU
	EndGlobalSection
	GlobalSection(SolutionProperties) = preSolution
		HideSolutionNode = FALSE
	EndGlobalSection
EndGlobal
